// !$*UTF8*$!
{
	archiveVersion = 1;
	classes = {
	};
	objectVersion = 56;
	objects = {

/* Begin PBXBuildFile section */
		B23C77C52B1DA18C00FB5E34 /* YouTubeMusicCloneApp.swift in Sources */ = {isa = PBXBuildFile; fileRef = B23C77C42B1DA18C00FB5E34 /* YouTubeMusicCloneApp.swift */; };
		B23C77C72B1DA18C00FB5E34 /* ContentView.swift in Sources */ = {isa = PBXBuildFile; fileRef = B23C77C62B1DA18C00FB5E34 /* ContentView.swift */; };
		B23C77C92B1DA18D00FB5E34 /* Assets.xcassets in Resources */ = {isa = PBXBuildFile; fileRef = B23C77C82B1DA18D00FB5E34 /* Assets.xcassets */; };
		B23C77CC2B1DA18D00FB5E34 /* Preview Assets.xcassets in Resources */ = {isa = PBXBuildFile; fileRef = B23C77CB2B1DA18D00FB5E34 /* Preview Assets.xcassets */; };
		B23C77D62B1DA18E00FB5E34 /* YouTubeMusicCloneTests.swift in Sources */ = {isa = PBXBuildFile; fileRef = B23C77D52B1DA18E00FB5E34 /* YouTubeMusicCloneTests.swift */; };
		B23C77E02B1DA18E00FB5E34 /* YouTubeMusicCloneUITests.swift in Sources */ = {isa = PBXBuildFile; fileRef = B23C77DF2B1DA18E00FB5E34 /* YouTubeMusicCloneUITests.swift */; };
		B23C77E22B1DA18E00FB5E34 /* YouTubeMusicCloneUITestsLaunchTests.swift in Sources */ = {isa = PBXBuildFile; fileRef = B23C77E12B1DA18E00FB5E34 /* YouTubeMusicCloneUITestsLaunchTests.swift */; };
/* End PBXBuildFile section */

/* Begin PBXContainerItemProxy section */
		B23C77D22B1DA18E00FB5E34 /* PBXContainerItemProxy */ = {
			isa = PBXContainerItemProxy;
			containerPortal = B23C77B92B1DA18C00FB5E34 /* Project object */;
			proxyType = 1;
			remoteGlobalIDString = B23C77C02B1DA18C00FB5E34;
			remoteInfo = YouTubeMusicClone;
		};
		B23C77DC2B1DA18E00FB5E34 /* PBXContainerItemProxy */ = {
			isa = PBXContainerItemProxy;
			containerPortal = B23C77B92B1DA18C00FB5E34 /* Project object */;
			proxyType = 1;
			remoteGlobalIDString = B23C77C02B1DA18C00FB5E34;
			remoteInfo = YouTubeMusicClone;
		};
/* End PBXContainerItemProxy section */

/* Begin PBXFileReference section */
		B23C77C12B1DA18C00FB5E34 /* YouTubeMusicClone.app */ = {isa = PBXFileReference; explicitFileType = wrapper.application; includeInIndex = 0; path = YouTubeMusicClone.app; sourceTree = BUILT_PRODUCTS_DIR; };
		B23C77C42B1DA18C00FB5E34 /* YouTubeMusicCloneApp.swift */ = {isa = PBXFileReference; lastKnownFileType = sourcecode.swift; path = YouTubeMusicCloneApp.swift; sourceTree = "<group>"; };
		B23C77C62B1DA18C00FB5E34 /* ContentView.swift */ = {isa = PBXFileReference; lastKnownFileType = sourcecode.swift; path = ContentView.swift; sourceTree = "<group>"; };
		B23C77C82B1DA18D00FB5E34 /* Assets.xcassets */ = {isa = PBXFileReference; lastKnownFileType = folder.assetcatalog; path = Assets.xcassets; sourceTree = "<group>"; };
		B23C77CB2B1DA18D00FB5E34 /* Preview Assets.xcassets */ = {isa = PBXFileReference; lastKnownFileType = folder.assetcatalog; path = "Preview Assets.xcassets"; sourceTree = "<group>"; };
		B23C77D12B1DA18E00FB5E34 /* YouTubeMusicCloneTests.xctest */ = {isa = PBXFileReference; explicitFileType = wrapper.cfbundle; includeInIndex = 0; path = YouTubeMusicCloneTests.xctest; sourceTree = BUILT_PRODUCTS_DIR; };
		B23C77D52B1DA18E00FB5E34 /* YouTubeMusicCloneTests.swift */ = {isa = PBXFileReference; lastKnownFileType = sourcecode.swift; path = YouTubeMusicCloneTests.swift; sourceTree = "<group>"; };
		B23C77DB2B1DA18E00FB5E34 /* YouTubeMusicCloneUITests.xctest */ = {isa = PBXFileReference; explicitFileType = wrapper.cfbundle; includeInIndex = 0; path = YouTubeMusicCloneUITests.xctest; sourceTree = BUILT_PRODUCTS_DIR; };
		B23C77DF2B1DA18E00FB5E34 /* YouTubeMusicCloneUITests.swift */ = {isa = PBXFileReference; lastKnownFileType = sourcecode.swift; path = YouTubeMusicCloneUITests.swift; sourceTree = "<group>"; };
		B23C77E12B1DA18E00FB5E34 /* YouTubeMusicCloneUITestsLaunchTests.swift */ = {isa = PBXFileReference; lastKnownFileType = sourcecode.swift; path = YouTubeMusicCloneUITestsLaunchTests.swift; sourceTree = "<group>"; };
/* End PBXFileReference section */

/* Begin PBXFrameworksBuildPhase section */
		B23C77BE2B1DA18C00FB5E34 /* Frameworks */ = {
			isa = PBXFrameworksBuildPhase;
			buildActionMask = 2147483647;
			files = (
			);
			runOnlyForDeploymentPostprocessing = 0;
		};
		B23C77CE2B1DA18E00FB5E34 /* Frameworks */ = {
			isa = PBXFrameworksBuildPhase;
			buildActionMask = 2147483647;
			files = (
			);
			runOnlyForDeploymentPostprocessing = 0;
		};
		B23C77D82B1DA18E00FB5E34 /* Frameworks */ = {
			isa = PBXFrameworksBuildPhase;
			buildActionMask = 2147483647;
			files = (
			);
			runOnlyForDeploymentPostprocessing = 0;
		};
/* End PBXFrameworksBuildPhase section */

/* Begin PBXGroup section */
		B23C77B82B1DA18C00FB5E34 = {
			isa = PBXGroup;
			children = (
				B23C77C32B1DA18C00FB5E34 /* YouTubeMusicClone */,
				B23C77D42B1DA18E00FB5E34 /* YouTubeMusicCloneTests */,
				B23C77DE2B1DA18E00FB5E34 /* YouTubeMusicCloneUITests */,
				B23C77C22B1DA18C00FB5E34 /* Products */,
			);
			sourceTree = "<group>";
		};
		B23C77C22B1DA18C00FB5E34 /* Products */ = {
			isa = PBXGroup;
			children = (
				B23C77C12B1DA18C00FB5E34 /* YouTubeMusicClone.app */,
				B23C77D12B1DA18E00FB5E34 /* YouTubeMusicCloneTests.xctest */,
				B23C77DB2B1DA18E00FB5E34 /* YouTubeMusicCloneUITests.xctest */,
			);
			name = Products;
			sourceTree = "<group>";
		};
		B23C77C32B1DA18C00FB5E34 /* YouTubeMusicClone */ = {
			isa = PBXGroup;
			children = (
				B23C77C42B1DA18C00FB5E34 /* YouTubeMusicCloneApp.swift */,
				B23C77C62B1DA18C00FB5E34 /* ContentView.swift */,
				B23C77C82B1DA18D00FB5E34 /* Assets.xcassets */,
				B23C77CA2B1DA18D00FB5E34 /* Preview Content */,
			);
			path = YouTubeMusicClone;
			sourceTree = "<group>";
		};
		B23C77CA2B1DA18D00FB5E34 /* Preview Content */ = {
			isa = PBXGroup;
			children = (
				B23C77CB2B1DA18D00FB5E34 /* Preview Assets.xcassets */,
			);
			path = "Preview Content";
			sourceTree = "<group>";
		};
		B23C77D42B1DA18E00FB5E34 /* YouTubeMusicCloneTests */ = {
			isa = PBXGroup;
			children = (
				B23C77D52B1DA18E00FB5E34 /* YouTubeMusicCloneTests.swift */,
			);
			path = YouTubeMusicCloneTests;
			sourceTree = "<group>";
		};
		B23C77DE2B1DA18E00FB5E34 /* YouTubeMusicCloneUITests */ = {
			isa = PBXGroup;
			children = (
				B23C77DF2B1DA18E00FB5E34 /* YouTubeMusicCloneUITests.swift */,
				B23C77E12B1DA18E00FB5E34 /* YouTubeMusicCloneUITestsLaunchTests.swift */,
			);
			path = YouTubeMusicCloneUITests;
			sourceTree = "<group>";
		};
/* End PBXGroup section */

/* Begin PBXNativeTarget section */
		B23C77C02B1DA18C00FB5E34 /* YouTubeMusicClone */ = {
			isa = PBXNativeTarget;
			buildConfigurationList = B23C77E52B1DA18E00FB5E34 /* Build configuration list for PBXNativeTarget "YouTubeMusicClone" */;
			buildPhases = (
				B23C77BD2B1DA18C00FB5E34 /* Sources */,
				B23C77BE2B1DA18C00FB5E34 /* Frameworks */,
				B23C77BF2B1DA18C00FB5E34 /* Resources */,
			);
			buildRules = (
			);
			dependencies = (
			);
			name = YouTubeMusicClone;
			productName = YouTubeMusicClone;
			productReference = B23C77C12B1DA18C00FB5E34 /* YouTubeMusicClone.app */;
			productType = "com.apple.product-type.application";
		};
		B23C77D02B1DA18E00FB5E34 /* YouTubeMusicCloneTests */ = {
			isa = PBXNativeTarget;
			buildConfigurationList = B23C77E82B1DA18E00FB5E34 /* Build configuration list for PBXNativeTarget "YouTubeMusicCloneTests" */;
			buildPhases = (
				B23C77CD2B1DA18E00FB5E34 /* Sources */,
				B23C77CE2B1DA18E00FB5E34 /* Frameworks */,
				B23C77CF2B1DA18E00FB5E34 /* Resources */,
			);
			buildRules = (
			);
			dependencies = (
				B23C77D32B1DA18E00FB5E34 /* PBXTargetDependency */,
			);
			name = YouTubeMusicCloneTests;
			productName = YouTubeMusicCloneTests;
			productReference = B23C77D12B1DA18E00FB5E34 /* YouTubeMusicCloneTests.xctest */;
			productType = "com.apple.product-type.bundle.unit-test";
		};
		B23C77DA2B1DA18E00FB5E34 /* YouTubeMusicCloneUITests */ = {
			isa = PBXNativeTarget;
			buildConfigurationList = B23C77EB2B1DA18E00FB5E34 /* Build configuration list for PBXNativeTarget "YouTubeMusicCloneUITests" */;
			buildPhases = (
				B23C77D72B1DA18E00FB5E34 /* Sources */,
				B23C77D82B1DA18E00FB5E34 /* Frameworks */,
				B23C77D92B1DA18E00FB5E34 /* Resources */,
			);
			buildRules = (
			);
			dependencies = (
				B23C77DD2B1DA18E00FB5E34 /* PBXTargetDependency */,
			);
			name = YouTubeMusicCloneUITests;
			productName = YouTubeMusicCloneUITests;
			productReference = B23C77DB2B1DA18E00FB5E34 /* YouTubeMusicCloneUITests.xctest */;
			productType = "com.apple.product-type.bundle.ui-testing";
		};
/* End PBXNativeTarget section */

/* Begin PBXProject section */
		B23C77B92B1DA18C00FB5E34 /* Project object */ = {
			isa = PBXProject;
			attributes = {
				BuildIndependentTargetsInParallel = 1;
				LastSwiftUpdateCheck = 1500;
				LastUpgradeCheck = 1500;
				TargetAttributes = {
					B23C77C02B1DA18C00FB5E34 = {
						CreatedOnToolsVersion = 15.0.1;
					};
					B23C77D02B1DA18E00FB5E34 = {
						CreatedOnToolsVersion = 15.0.1;
						TestTargetID = B23C77C02B1DA18C00FB5E34;
					};
					B23C77DA2B1DA18E00FB5E34 = {
						CreatedOnToolsVersion = 15.0.1;
						TestTargetID = B23C77C02B1DA18C00FB5E34;
					};
				};
			};
			buildConfigurationList = B23C77BC2B1DA18C00FB5E34 /* Build configuration list for PBXProject "YouTubeMusicClone" */;
			compatibilityVersion = "Xcode 14.0";
			developmentRegion = en;
			hasScannedForEncodings = 0;
			knownRegions = (
				en,
				Base,
			);
			mainGroup = B23C77B82B1DA18C00FB5E34;
			productRefGroup = B23C77C22B1DA18C00FB5E34 /* Products */;
			projectDirPath = "";
			projectRoot = "";
			targets = (
				B23C77C02B1DA18C00FB5E34 /* YouTubeMusicClone */,
				B23C77D02B1DA18E00FB5E34 /* YouTubeMusicCloneTests */,
				B23C77DA2B1DA18E00FB5E34 /* YouTubeMusicCloneUITests */,
			);
		};
/* End PBXProject section */

/* Begin PBXResourcesBuildPhase section */
		B23C77BF2B1DA18C00FB5E34 /* Resources */ = {
			isa = PBXResourcesBuildPhase;
			buildActionMask = 2147483647;
			files = (
				B23C77CC2B1DA18D00FB5E34 /* Preview Assets.xcassets in Resources */,
				B23C77C92B1DA18D00FB5E34 /* Assets.xcassets in Resources */,
			);
			runOnlyForDeploymentPostprocessing = 0;
		};
		B23C77CF2B1DA18E00FB5E34 /* Resources */ = {
			isa = PBXResourcesBuildPhase;
			buildActionMask = 2147483647;
			files = (
			);
			runOnlyForDeploymentPostprocessing = 0;
		};
		B23C77D92B1DA18E00FB5E34 /* Resources */ = {
			isa = PBXResourcesBuildPhase;
			buildActionMask = 2147483647;
			files = (
			);
			runOnlyForDeploymentPostprocessing = 0;
		};
/* End PBXResourcesBuildPhase section */

/* Begin PBXSourcesBuildPhase section */
		B23C77BD2B1DA18C00FB5E34 /* Sources */ = {
			isa = PBXSourcesBuildPhase;
			buildActionMask = 2147483647;
			files = (
				B23C77C72B1DA18C00FB5E34 /* ContentView.swift in Sources */,
				B23C77C52B1DA18C00FB5E34 /* YouTubeMusicCloneApp.swift in Sources */,
			);
			runOnlyForDeploymentPostprocessing = 0;
		};
		B23C77CD2B1DA18E00FB5E34 /* Sources */ = {
			isa = PBXSourcesBuildPhase;
			buildActionMask = 2147483647;
			files = (
				B23C77D62B1DA18E00FB5E34 /* YouTubeMusicCloneTests.swift in Sources */,
			);
			runOnlyForDeploymentPostprocessing = 0;
		};
		B23C77D72B1DA18E00FB5E34 /* Sources */ = {
			isa = PBXSourcesBuildPhase;
			buildActionMask = 2147483647;
			files = (
				B23C77E22B1DA18E00FB5E34 /* YouTubeMusicCloneUITestsLaunchTests.swift in Sources */,
				B23C77E02B1DA18E00FB5E34 /* YouTubeMusicCloneUITests.swift in Sources */,
			);
			runOnlyForDeploymentPostprocessing = 0;
		};
/* End PBXSourcesBuildPhase section */

/* Begin PBXTargetDependency section */
		B23C77D32B1DA18E00FB5E34 /* PBXTargetDependency */ = {
			isa = PBXTargetDependency;
			target = B23C77C02B1DA18C00FB5E34 /* YouTubeMusicClone */;
			targetProxy = B23C77D22B1DA18E00FB5E34 /* PBXContainerItemProxy */;
		};
		B23C77DD2B1DA18E00FB5E34 /* PBXTargetDependency */ = {
			isa = PBXTargetDependency;
			target = B23C77C02B1DA18C00FB5E34 /* YouTubeMusicClone */;
			targetProxy = B23C77DC2B1DA18E00FB5E34 /* PBXContainerItemProxy */;
		};
/* End PBXTargetDependency section */

/* Begin XCBuildConfiguration section */
		B23C77E32B1DA18E00FB5E34 /* Debug */ = {
			isa = XCBuildConfiguration;
			buildSettings = {
				ALWAYS_SEARCH_USER_PATHS = NO;
				ASSETCATALOG_COMPILER_GENERATE_SWIFT_ASSET_SYMBOL_EXTENSIONS = YES;
				CLANG_ANALYZER_NONNULL = YES;
				CLANG_ANALYZER_NUMBER_OBJECT_CONVERSION = YES_AGGRESSIVE;
				CLANG_CXX_LANGUAGE_STANDARD = "gnu++20";
				CLANG_ENABLE_MODULES = YES;
				CLANG_ENABLE_OBJC_ARC = YES;
				CLANG_ENABLE_OBJC_WEAK = YES;
				CLANG_WARN_BLOCK_CAPTURE_AUTORELEASING = YES;
				CLANG_WARN_BOOL_CONVERSION = YES;
				CLANG_WARN_COMMA = YES;
				CLANG_WARN_CONSTANT_CONVERSION = YES;
				CLANG_WARN_DEPRECATED_OBJC_IMPLEMENTATIONS = YES;
				CLANG_WARN_DIRECT_OBJC_ISA_USAGE = YES_ERROR;
				CLANG_WARN_DOCUMENTATION_COMMENTS = YES;
				CLANG_WARN_EMPTY_BODY = YES;
				CLANG_WARN_ENUM_CONVERSION = YES;
				CLANG_WARN_INFINITE_RECURSION = YES;
				CLANG_WARN_INT_CONVERSION = YES;
				CLANG_WARN_NON_LITERAL_NULL_CONVERSION = YES;
				CLANG_WARN_OBJC_IMPLICIT_RETAIN_SELF = YES;
				CLANG_WARN_OBJC_LITERAL_CONVERSION = YES;
				CLANG_WARN_OBJC_ROOT_CLASS = YES_ERROR;
				CLANG_WARN_QUOTED_INCLUDE_IN_FRAMEWORK_HEADER = YES;
				CLANG_WARN_RANGE_LOOP_ANALYSIS = YES;
				CLANG_WARN_STRICT_PROTOTYPES = YES;
				CLANG_WARN_SUSPICIOUS_MOVE = YES;
				CLANG_WARN_UNGUARDED_AVAILABILITY = YES_AGGRESSIVE;
				CLANG_WARN_UNREACHABLE_CODE = YES;
				CLANG_WARN__DUPLICATE_METHOD_MATCH = YES;
				COPY_PHASE_STRIP = NO;
				DEBUG_INFORMATION_FORMAT = dwarf;
				ENABLE_STRICT_OBJC_MSGSEND = YES;
				ENABLE_TESTABILITY = YES;
				ENABLE_USER_SCRIPT_SANDBOXING = YES;
				GCC_C_LANGUAGE_STANDARD = gnu17;
				GCC_DYNAMIC_NO_PIC = NO;
				GCC_NO_COMMON_BLOCKS = YES;
				GCC_OPTIMIZATION_LEVEL = 0;
				GCC_PREPROCESSOR_DEFINITIONS = (
					"DEBUG=1",
					"$(inherited)",
				);
				GCC_WARN_64_TO_32_BIT_CONVERSION = YES;
				GCC_WARN_ABOUT_RETURN_TYPE = YES_ERROR;
				GCC_WARN_UNDECLARED_SELECTOR = YES;
				GCC_WARN_UNINITIALIZED_AUTOS = YES_AGGRESSIVE;
				GCC_WARN_UNUSED_FUNCTION = YES;
				GCC_WARN_UNUSED_VARIABLE = YES;
				IPHONEOS_DEPLOYMENT_TARGET = 17.0;
				LOCALIZATION_PREFERS_STRING_CATALOGS = YES;
				MTL_ENABLE_DEBUG_INFO = INCLUDE_SOURCE;
				MTL_FAST_MATH = YES;
				ONLY_ACTIVE_ARCH = YES;
				SDKROOT = iphoneos;
				SWIFT_ACTIVE_COMPILATION_CONDITIONS = "DEBUG $(inherited)";
				SWIFT_OPTIMIZATION_LEVEL = "-Onone";
			};
			name = Debug;
		};
		B23C77E42B1DA18E00FB5E34 /* Release */ = {
			isa = XCBuildConfiguration;
			buildSettings = {
				ALWAYS_SEARCH_USER_PATHS = NO;
				ASSETCATALOG_COMPILER_GENERATE_SWIFT_ASSET_SYMBOL_EXTENSIONS = YES;
				CLANG_ANALYZER_NONNULL = YES;
				CLANG_ANALYZER_NUMBER_OBJECT_CONVERSION = YES_AGGRESSIVE;
				CLANG_CXX_LANGUAGE_STANDARD = "gnu++20";
				CLANG_ENABLE_MODULES = YES;
				CLANG_ENABLE_OBJC_ARC = YES;
				CLANG_ENABLE_OBJC_WEAK = YES;
				CLANG_WARN_BLOCK_CAPTURE_AUTORELEASING = YES;
				CLANG_WARN_BOOL_CONVERSION = YES;
				CLANG_WARN_COMMA = YES;
				CLANG_WARN_CONSTANT_CONVERSION = YES;
				CLANG_WARN_DEPRECATED_OBJC_IMPLEMENTATIONS = YES;
				CLANG_WARN_DIRECT_OBJC_ISA_USAGE = YES_ERROR;
				CLANG_WARN_DOCUMENTATION_COMMENTS = YES;
				CLANG_WARN_EMPTY_BODY = YES;
				CLANG_WARN_ENUM_CONVERSION = YES;
				CLANG_WARN_INFINITE_RECURSION = YES;
				CLANG_WARN_INT_CONVERSION = YES;
				CLANG_WARN_NON_LITERAL_NULL_CONVERSION = YES;
				CLANG_WARN_OBJC_IMPLICIT_RETAIN_SELF = YES;
				CLANG_WARN_OBJC_LITERAL_CONVERSION = YES;
				CLANG_WARN_OBJC_ROOT_CLASS = YES_ERROR;
				CLANG_WARN_QUOTED_INCLUDE_IN_FRAMEWORK_HEADER = YES;
				CLANG_WARN_RANGE_LOOP_ANALYSIS = YES;
				CLANG_WARN_STRICT_PROTOTYPES = YES;
				CLANG_WARN_SUSPICIOUS_MOVE = YES;
				CLANG_WARN_UNGUARDED_AVAILABILITY = YES_AGGRESSIVE;
				CLANG_WARN_UNREACHABLE_CODE = YES;
				CLANG_WARN__DUPLICATE_METHOD_MATCH = YES;
				COPY_PHASE_STRIP = NO;
				DEBUG_INFORMATION_FORMAT = "dwarf-with-dsym";
				ENABLE_NS_ASSERTIONS = NO;
				ENABLE_STRICT_OBJC_MSGSEND = YES;
				ENABLE_USER_SCRIPT_SANDBOXING = YES;
				GCC_C_LANGUAGE_STANDARD = gnu17;
				GCC_NO_COMMON_BLOCKS = YES;
				GCC_WARN_64_TO_32_BIT_CONVERSION = YES;
				GCC_WARN_ABOUT_RETURN_TYPE = YES_ERROR;
				GCC_WARN_UNDECLARED_SELECTOR = YES;
				GCC_WARN_UNINITIALIZED_AUTOS = YES_AGGRESSIVE;
				GCC_WARN_UNUSED_FUNCTION = YES;
				GCC_WARN_UNUSED_VARIABLE = YES;
				IPHONEOS_DEPLOYMENT_TARGET = 17.0;
				LOCALIZATION_PREFERS_STRING_CATALOGS = YES;
				MTL_ENABLE_DEBUG_INFO = NO;
				MTL_FAST_MATH = YES;
				SDKROOT = iphoneos;
				SWIFT_COMPILATION_MODE = wholemodule;
				VALIDATE_PRODUCT = YES;
			};
			name = Release;
		};
		B23C77E62B1DA18E00FB5E34 /* Debug */ = {
			isa = XCBuildConfiguration;
			buildSettings = {
				ASSETCATALOG_COMPILER_APPICON_NAME = AppIcon;
				ASSETCATALOG_COMPILER_GLOBAL_ACCENT_COLOR_NAME = AccentColor;
				CODE_SIGN_STYLE = Automatic;
				CURRENT_PROJECT_VERSION = 1;
				DEVELOPMENT_ASSET_PATHS = "\"YouTubeMusicClone/Preview Content\"";
				DEVELOPMENT_TEAM = FH49FN5F9A;
				ENABLE_PREVIEWS = YES;
				GENERATE_INFOPLIST_FILE = YES;
				INFOPLIST_KEY_UIApplicationSceneManifest_Generation = YES;
				INFOPLIST_KEY_UIApplicationSupportsIndirectInputEvents = YES;
				INFOPLIST_KEY_UILaunchScreen_Generation = YES;
				INFOPLIST_KEY_UISupportedInterfaceOrientations_iPad = "UIInterfaceOrientationPortrait UIInterfaceOrientationPortraitUpsideDown UIInterfaceOrientationLandscapeLeft UIInterfaceOrientationLandscapeRight";
				INFOPLIST_KEY_UISupportedInterfaceOrientations_iPhone = "UIInterfaceOrientationPortrait UIInterfaceOrientationLandscapeLeft UIInterfaceOrientationLandscapeRight";
				LD_RUNPATH_SEARCH_PATHS = (
					"$(inherited)",
					"@executable_path/Frameworks",
				);
				MARKETING_VERSION = 1.0;
				PRODUCT_BUNDLE_IDENTIFIER = WonGi.YouTubeMusicClone;
				PRODUCT_NAME = "$(TARGET_NAME)";
				SWIFT_EMIT_LOC_STRINGS = YES;
				SWIFT_VERSION = 5.0;
				TARGETED_DEVICE_FAMILY = "1,2";
			};
			name = Debug;
		};
		B23C77E72B1DA18E00FB5E34 /* Release */ = {
			isa = XCBuildConfiguration;
			buildSettings = {
				ASSETCATALOG_COMPILER_APPICON_NAME = AppIcon;
				ASSETCATALOG_COMPILER_GLOBAL_ACCENT_COLOR_NAME = AccentColor;
				CODE_SIGN_STYLE = Automatic;
				CURRENT_PROJECT_VERSION = 1;
				DEVELOPMENT_ASSET_PATHS = "\"YouTubeMusicClone/Preview Content\"";
				DEVELOPMENT_TEAM = FH49FN5F9A;
				ENABLE_PREVIEWS = YES;
				GENERATE_INFOPLIST_FILE = YES;
				INFOPLIST_KEY_UIApplicationSceneManifest_Generation = YES;
				INFOPLIST_KEY_UIApplicationSupportsIndirectInputEvents = YES;
				INFOPLIST_KEY_UILaunchScreen_Generation = YES;
				INFOPLIST_KEY_UISupportedInterfaceOrientations_iPad = "UIInterfaceOrientationPortrait UIInterfaceOrientationPortraitUpsideDown UIInterfaceOrientationLandscapeLeft UIInterfaceOrientationLandscapeRight";
				INFOPLIST_KEY_UISupportedInterfaceOrientations_iPhone = "UIInterfaceOrientationPortrait UIInterfaceOrientationLandscapeLeft UIInterfaceOrientationLandscapeRight";
				LD_RUNPATH_SEARCH_PATHS = (
					"$(inherited)",
					"@executable_path/Frameworks",
				);
				MARKETING_VERSION = 1.0;
				PRODUCT_BUNDLE_IDENTIFIER = WonGi.YouTubeMusicClone;
				PRODUCT_NAME = "$(TARGET_NAME)";
				SWIFT_EMIT_LOC_STRINGS = YES;
				SWIFT_VERSION = 5.0;
				TARGETED_DEVICE_FAMILY = "1,2";
			};
			name = Release;
		};
		B23C77E92B1DA18E00FB5E34 /* Debug */ = {
			isa = XCBuildConfiguration;
			buildSettings = {
				ALWAYS_EMBED_SWIFT_STANDARD_LIBRARIES = YES;
				BUNDLE_LOADER = "$(TEST_HOST)";
				CODE_SIGN_STYLE = Automatic;
				CURRENT_PROJECT_VERSION = 1;
				DEVELOPMENT_TEAM = FH49FN5F9A;
				GENERATE_INFOPLIST_FILE = YES;
				IPHONEOS_DEPLOYMENT_TARGET = 17.0;
				MARKETING_VERSION = 1.0;
				PRODUCT_BUNDLE_IDENTIFIER = WonGi.YouTubeMusicCloneTests;
				PRODUCT_NAME = "$(TARGET_NAME)";
				SWIFT_EMIT_LOC_STRINGS = NO;
				SWIFT_VERSION = 5.0;
				TARGETED_DEVICE_FAMILY = "1,2";
				TEST_HOST = "$(BUILT_PRODUCTS_DIR)/YouTubeMusicClone.app/$(BUNDLE_EXECUTABLE_FOLDER_PATH)/YouTubeMusicClone";
			};
			name = Debug;
		};
		B23C77EA2B1DA18E00FB5E34 /* Release */ = {
			isa = XCBuildConfiguration;
			buildSettings = {
				ALWAYS_EMBED_SWIFT_STANDARD_LIBRARIES = YES;
				BUNDLE_LOADER = "$(TEST_HOST)";
				CODE_SIGN_STYLE = Automatic;
				CURRENT_PROJECT_VERSION = 1;
				DEVELOPMENT_TEAM = FH49FN5F9A;
				GENERATE_INFOPLIST_FILE = YES;
				IPHONEOS_DEPLOYMENT_TARGET = 17.0;
				MARKETING_VERSION = 1.0;
				PRODUCT_BUNDLE_IDENTIFIER = WonGi.YouTubeMusicCloneTests;
				PRODUCT_NAME = "$(TARGET_NAME)";
				SWIFT_EMIT_LOC_STRINGS = NO;
				SWIFT_VERSION = 5.0;
				TARGETED_DEVICE_FAMILY = "1,2";
				TEST_HOST = "$(BUILT_PRODUCTS_DIR)/YouTubeMusicClone.app/$(BUNDLE_EXECUTABLE_FOLDER_PATH)/YouTubeMusicClone";
			};
			name = Release;
		};
		B23C77EC2B1DA18E00FB5E34 /* Debug */ = {
			isa = XCBuildConfiguration;
			buildSettings = {
				ALWAYS_EMBED_SWIFT_STANDARD_LIBRARIES = YES;
				CODE_SIGN_STYLE = Automatic;
				CURRENT_PROJECT_VERSION = 1;
				DEVELOPMENT_TEAM = FH49FN5F9A;
				GENERATE_INFOPLIST_FILE = YES;
				MARKETING_VERSION = 1.0;
				PRODUCT_BUNDLE_IDENTIFIER = WonGi.YouTubeMusicCloneUITests;
				PRODUCT_NAME = "$(TARGET_NAME)";
				SWIFT_EMIT_LOC_STRINGS = NO;
				SWIFT_VERSION = 5.0;
				TARGETED_DEVICE_FAMILY = "1,2";
				TEST_TARGET_NAME = YouTubeMusicClone;
			};
			name = Debug;
		};
		B23C77ED2B1DA18E00FB5E34 /* Release */ = {
			isa = XCBuildConfiguration;
			buildSettings = {
				ALWAYS_EMBED_SWIFT_STANDARD_LIBRARIES = YES;
				CODE_SIGN_STYLE = Automatic;
				CURRENT_PROJECT_VERSION = 1;
				DEVELOPMENT_TEAM = FH49FN5F9A;
				GENERATE_INFOPLIST_FILE = YES;
				MARKETING_VERSION = 1.0;
				PRODUCT_BUNDLE_IDENTIFIER = WonGi.YouTubeMusicCloneUITests;
				PRODUCT_NAME = "$(TARGET_NAME)";
				SWIFT_EMIT_LOC_STRINGS = NO;
				SWIFT_VERSION = 5.0;
				TARGETED_DEVICE_FAMILY = "1,2";
				TEST_TARGET_NAME = YouTubeMusicClone;
			};
			name = Release;
		};
/* End XCBuildConfiguration section */

/* Begin XCConfigurationList section */
		B23C77BC2B1DA18C00FB5E34 /* Build configuration list for PBXProject "YouTubeMusicClone" */ = {
			isa = XCConfigurationList;
			buildConfigurations = (
				B23C77E32B1DA18E00FB5E34 /* Debug */,
				B23C77E42B1DA18E00FB5E34 /* Release */,
			);
			defaultConfigurationIsVisible = 0;
			defaultConfigurationName = Release;
		};
		B23C77E52B1DA18E00FB5E34 /* Build configuration list for PBXNativeTarget "YouTubeMusicClone" */ = {
			isa = XCConfigurationList;
			buildConfigurations = (
				B23C77E62B1DA18E00FB5E34 /* Debug */,
				B23C77E72B1DA18E00FB5E34 /* Release */,
			);
			defaultConfigurationIsVisible = 0;
			defaultConfigurationName = Release;
		};
		B23C77E82B1DA18E00FB5E34 /* Build configuration list for PBXNativeTarget "YouTubeMusicCloneTests" */ = {
			isa = XCConfigurationList;
			buildConfigurations = (
				B23C77E92B1DA18E00FB5E34 /* Debug */,
				B23C77EA2B1DA18E00FB5E34 /* Release */,
			);
			defaultConfigurationIsVisible = 0;
			defaultConfigurationName = Release;
		};
		B23C77EB2B1DA18E00FB5E34 /* Build configuration list for PBXNativeTarget "YouTubeMusicCloneUITests" */ = {
			isa = XCConfigurationList;
			buildConfigurations = (
				B23C77EC2B1DA18E00FB5E34 /* Debug */,
				B23C77ED2B1DA18E00FB5E34 /* Release */,
			);
			defaultConfigurationIsVisible = 0;
			defaultConfigurationName = Release;
		};
/* End XCConfigurationList section */
	};
	rootObject = B23C77B92B1DA18C00FB5E34 /* Project object */;
}
